---
- hosts: ansi_1
  remote_user: ec2-user
  become: yes
  become_method: sudo
  gather_facts: fales
  
  tasks:
  - name: Handle the error
    block:
      - debug:
          msg: 'I execute normally'
      - name: i force a failure
        command:  which /bin/false
      - debug:
          msg: 'I never execute, due to the above task failing, :-('
    rescue:
      - debug:
          msg: 'I caught an error, can do stuff here to fix it, :-)'
  - name: get file
    block:
      - get_url: http://localhost/index.html
        dest: "/tmp/index_html"
      - debug:
          msg: 'File is exist :-)'
    rescue:
      - debug:
          msg: "File does not exist :-("
    always:
      - debug:
          msg: 'This is done!'
